// !$*UTF8*$!
{
	archiveVersion = 1;
	classes = {
	};
	objectVersion = 50;
	objects = {

/* Begin PBXBuildFile section */
		0451668D231D9FFE003B4A59 /* AppDelegate.swift in Sources */ = {isa = PBXBuildFile; fileRef = 0451668C231D9FFE003B4A59 /* AppDelegate.swift */; };
		0451668F231D9FFE003B4A59 /* HomeViewController.swift in Sources */ = {isa = PBXBuildFile; fileRef = 0451668E231D9FFE003B4A59 /* HomeViewController.swift */; };
		04516694231DA000003B4A59 /* Assets.xcassets in Resources */ = {isa = PBXBuildFile; fileRef = 04516693231DA000003B4A59 /* Assets.xcassets */; };
		04516697231DA000003B4A59 /* LaunchScreen.storyboard in Resources */ = {isa = PBXBuildFile; fileRef = 04516695231DA000003B4A59 /* LaunchScreen.storyboard */; };
		045166A3231DA173003B4A59 /* HomeView.swift in Sources */ = {isa = PBXBuildFile; fileRef = 045166A2231DA173003B4A59 /* HomeView.swift */; };
		045166A6231DA1CA003B4A59 /* BluetoothTableViewCell.swift in Sources */ = {isa = PBXBuildFile; fileRef = 045166A5231DA1CA003B4A59 /* BluetoothTableViewCell.swift */; };
		045166A8231DA1F9003B4A59 /* UIAlert+Extension.swift in Sources */ = {isa = PBXBuildFile; fileRef = 045166A7231DA1F9003B4A59 /* UIAlert+Extension.swift */; };
		045166AA231DA208003B4A59 /* SwiftyHelpers.swift in Sources */ = {isa = PBXBuildFile; fileRef = 045166A9231DA208003B4A59 /* SwiftyHelpers.swift */; };
/* End PBXBuildFile section */

/* Begin PBXFileReference section */
		04516689231D9FFE003B4A59 /* BluetoothDetector.app */ = {isa = PBXFileReference; explicitFileType = wrapper.application; includeInIndex = 0; path = BluetoothDetector.app; sourceTree = BUILT_PRODUCTS_DIR; };
		0451668C231D9FFE003B4A59 /* AppDelegate.swift */ = {isa = PBXFileReference; lastKnownFileType = sourcecode.swift; path = AppDelegate.swift; sourceTree = "<group>"; };
		0451668E231D9FFE003B4A59 /* HomeViewController.swift */ = {isa = PBXFileReference; lastKnownFileType = sourcecode.swift; path = HomeViewController.swift; sourceTree = "<group>"; };
		04516693231DA000003B4A59 /* Assets.xcassets */ = {isa = PBXFileReference; lastKnownFileType = folder.assetcatalog; path = Assets.xcassets; sourceTree = "<group>"; };
		04516696231DA000003B4A59 /* Base */ = {isa = PBXFileReference; lastKnownFileType = file.storyboard; name = Base; path = Base.lproj/LaunchScreen.storyboard; sourceTree = "<group>"; };
		04516698231DA000003B4A59 /* Info.plist */ = {isa = PBXFileReference; lastKnownFileType = text.plist.xml; path = Info.plist; sourceTree = "<group>"; };
		045166A2231DA173003B4A59 /* HomeView.swift */ = {isa = PBXFileReference; lastKnownFileType = sourcecode.swift; path = HomeView.swift; sourceTree = "<group>"; };
		045166A5231DA1CA003B4A59 /* BluetoothTableViewCell.swift */ = {isa = PBXFileReference; lastKnownFileType = sourcecode.swift; path = BluetoothTableViewCell.swift; sourceTree = "<group>"; };
		045166A7231DA1F9003B4A59 /* UIAlert+Extension.swift */ = {isa = PBXFileReference; lastKnownFileType = sourcecode.swift; path = "UIAlert+Extension.swift"; sourceTree = "<group>"; };
		045166A9231DA208003B4A59 /* SwiftyHelpers.swift */ = {isa = PBXFileReference; lastKnownFileType = sourcecode.swift; path = SwiftyHelpers.swift; sourceTree = "<group>"; };
/* End PBXFileReference section */

/* Begin PBXFrameworksBuildPhase section */
		04516686231D9FFE003B4A59 /* Frameworks */ = {
			isa = PBXFrameworksBuildPhase;
			buildActionMask = 2147483647;
			files = (
			);
			runOnlyForDeploymentPostprocessing = 0;
		};
/* End PBXFrameworksBuildPhase section */

/* Begin PBXGroup section */
		04516680231D9FFE003B4A59 = {
			isa = PBXGroup;
			children = (
				0451668B231D9FFE003B4A59 /* BluetoothDetector */,
				0451668A231D9FFE003B4A59 /* Products */,
			);
			sourceTree = "<group>";
		};
		0451668A231D9FFE003B4A59 /* Products */ = {
			isa = PBXGroup;
			children = (
				04516689231D9FFE003B4A59 /* BluetoothDetector.app */,
			);
			name = Products;
			sourceTree = "<group>";
		};
		0451668B231D9FFE003B4A59 /* BluetoothDetector */ = {
			isa = PBXGroup;
			children = (
				0451669E231DA053003B4A59 /* Models */,
				0451669F231DA062003B4A59 /* View */,
				045166A0231DA074003B4A59 /* Controllers */,
				045166A1231DA0F9003B4A59 /* Supporting Files */,
				04516693231DA000003B4A59 /* Assets.xcassets */,
				04516695231DA000003B4A59 /* LaunchScreen.storyboard */,
				04516698231DA000003B4A59 /* Info.plist */,
			);
			path = BluetoothDetector;
			sourceTree = "<group>";
		};
		0451669E231DA053003B4A59 /* Models */ = {
			isa = PBXGroup;
			children = (
			);
			path = Models;
			sourceTree = "<group>";
		};
		0451669F231DA062003B4A59 /* View */ = {
			isa = PBXGroup;
			children = (
				045166A4231DA19A003B4A59 /* Cells */,
				045166A2231DA173003B4A59 /* HomeView.swift */,
			);
			path = View;
			sourceTree = "<group>";
		};
		045166A0231DA074003B4A59 /* Controllers */ = {
			isa = PBXGroup;
			children = (
				0451668E231D9FFE003B4A59 /* HomeViewController.swift */,
			);
			path = Controllers;
			sourceTree = "<group>";
		};
		045166A1231DA0F9003B4A59 /* Supporting Files */ = {
			isa = PBXGroup;
			children = (
				0451668C231D9FFE003B4A59 /* AppDelegate.swift */,
				045166A7231DA1F9003B4A59 /* UIAlert+Extension.swift */,
				045166A9231DA208003B4A59 /* SwiftyHelpers.swift */,
			);
			path = "Supporting Files";
			sourceTree = "<group>";
		};
		045166A4231DA19A003B4A59 /* Cells */ = {
			isa = PBXGroup;
			children = (
				045166A5231DA1CA003B4A59 /* BluetoothTableViewCell.swift */,
			);
			path = Cells;
			sourceTree = "<group>";
		};
/* End PBXGroup section */

/* Begin PBXNativeTarget section */
		04516688231D9FFE003B4A59 /* BluetoothDetector */ = {
			isa = PBXNativeTarget;
			buildConfigurationList = 0451669B231DA000003B4A59 /* Build configuration list for PBXNativeTarget "BluetoothDetector" */;
			buildPhases = (
				04516685231D9FFE003B4A59 /* Sources */,
				04516686231D9FFE003B4A59 /* Frameworks */,
				04516687231D9FFE003B4A59 /* Resources */,
			);
			buildRules = (
			);
			dependencies = (
			);
			name = BluetoothDetector;
			productName = BluetoothDetector;
			productReference = 04516689231D9FFE003B4A59 /* BluetoothDetector.app */;
			productType = "com.apple.product-type.application";
		};
/* End PBXNativeTarget section */

/* Begin PBXProject section */
		04516681231D9FFE003B4A59 /* Project object */ = {
			isa = PBXProject;
			attributes = {
				LastSwiftUpdateCheck = 1030;
				LastUpgradeCheck = 1030;
				ORGANIZATIONNAME = "EnProTech Group";
				TargetAttributes = {
					04516688231D9FFE003B4A59 = {
						CreatedOnToolsVersion = 10.3;
					};
				};
			};
			buildConfigurationList = 04516684231D9FFE003B4A59 /* Build configuration list for PBXProject "BluetoothDetector" */;
			compatibilityVersion = "Xcode 9.3";
			developmentRegion = en;
			hasScannedForEncodings = 0;
			knownRegions = (
				en,
				Base,
			);
			mainGroup = 04516680231D9FFE003B4A59;
			productRefGroup = 0451668A231D9FFE003B4A59 /* Products */;
			projectDirPath = "";
			projectRoot = "";
			targets = (
				04516688231D9FFE003B4A59 /* BluetoothDetector */,
			);
		};
/* End PBXProject section */

/* Begin PBXResourcesBuildPhase section */
		04516687231D9FFE003B4A59 /* Resources */ = {
			isa = PBXResourcesBuildPhase;
			buildActionMask = 2147483647;
			files = (
				04516697231DA000003B4A59 /* LaunchScreen.storyboard in Resources */,
				04516694231DA000003B4A59 /* Assets.xcassets in Resources */,
			);
			runOnlyForDeploymentPostprocessing = 0;
		};
/* End PBXResourcesBuildPhase section */

/* Begin PBXSourcesBuildPhase section */
		04516685231D9FFE003B4A59 /* Sources */ = {
			isa = PBXSourcesBuildPhase;
			buildActionMask = 2147483647;
			files = (
				045166A6231DA1CA003B4A59 /* BluetoothTableViewCell.swift in Sources */,
				045166A3231DA173003B4A59 /* HomeView.swift in Sources */,
				045166A8231DA1F9003B4A59 /* UIAlert+Extension.swift in Sources */,
				045166AA231DA208003B4A59 /* SwiftyHelpers.swift in Sources */,
				0451668F231D9FFE003B4A59 /* HomeViewController.swift in Sources */,
				0451668D231D9FFE003B4A59 /* AppDelegate.swift in Sources */,
			);
			runOnlyForDeploymentPostprocessing = 0;
		};
/* End PBXSourcesBuildPhase section */

/* Begin PBXVariantGroup section */
		04516695231DA000003B4A59 /* LaunchScreen.storyboard */ = {
			isa = PBXVariantGroup;
			children = (
				04516696231DA000003B4A59 /* Base */,
			);
			name = LaunchScreen.storyboard;
			sourceTree = "<group>";
		};
/* End PBXVariantGroup section */

/* Begin XCBuildConfiguration section */
		04516699231DA000003B4A59 /* Debug */ = {
			isa = XCBuildConfiguration;
			buildSettings = {
				ALWAYS_SEARCH_USER_PATHS = NO;
				CLANG_ANALYZER_NONNULL = YES;
				CLANG_ANALYZER_NUMBER_OBJECT_CONVERSION = YES_AGGRESSIVE;
				CLANG_CXX_LANGUAGE_STANDARD = "gnu++14";
				CLANG_CXX_LIBRARY = "libc++";
				CLANG_ENABLE_MODULES = YES;
				CLANG_ENABLE_OBJC_ARC = YES;
				CLANG_ENABLE_OBJC_WEAK = YES;
				CLANG_WARN_BLOCK_CAPTURE_AUTORELEASING = YES;
				CLANG_WARN_BOOL_CONVERSION = YES;
				CLANG_WARN_COMMA = YES;
				CLANG_WARN_CONSTANT_CONVERSION = YES;
				CLANG_WARN_DEPRECATED_OBJC_IMPLEMENTATIONS = YES;
				CLANG_WARN_DIRECT_OBJC_ISA_USAGE = YES_ERROR;
				CLANG_WARN_DOCUMENTATION_COMMENTS = YES;
				CLANG_WARN_EMPTY_BODY = YES;
				CLANG_WARN_ENUM_CONVERSION = YES;
				CLANG_WARN_INFINITE_RECURSION = YES;
				CLANG_WARN_INT_CONVERSION = YES;
				CLANG_WARN_NON_LITERAL_NULL_CONVERSION = YES;
				CLANG_WARN_OBJC_IMPLICIT_RETAIN_SELF = YES;
				CLANG_WARN_OBJC_LITERAL_CONVERSION = YES;
				CLANG_WARN_OBJC_ROOT_CLASS = YES_ERROR;
				CLANG_WARN_RANGE_LOOP_ANALYSIS = YES;
				CLANG_WARN_STRICT_PROTOTYPES = YES;
				CLANG_WARN_SUSPICIOUS_MOVE = YES;
				CLANG_WARN_UNGUARDED_AVAILABILITY = YES_AGGRESSIVE;
				CLANG_WARN_UNREACHABLE_CODE = YES;
				CLANG_WARN__DUPLICATE_METHOD_MATCH = YES;
				CODE_SIGN_IDENTITY = "iPhone Developer";
				COPY_PHASE_STRIP = NO;
				DEBUG_INFORMATION_FORMAT = dwarf;
				ENABLE_STRICT_OBJC_MSGSEND = YES;
				ENABLE_TESTABILITY = YES;
				GCC_C_LANGUAGE_STANDARD = gnu11;
				GCC_DYNAMIC_NO_PIC = NO;
				GCC_NO_COMMON_BLOCKS = YES;
				GCC_OPTIMIZATION_LEVEL = 0;
				GCC_PREPROCESSOR_DEFINITIONS = (
					"DEBUG=1",
					"$(inherited)",
				);
				GCC_WARN_64_TO_32_BIT_CONVERSION = YES;
				GCC_WARN_ABOUT_RETURN_TYPE = YES_ERROR;
				GCC_WARN_UNDECLARED_SELECTOR = YES;
				GCC_WARN_UNINITIALIZED_AUTOS = YES_AGGRESSIVE;
				GCC_WARN_UNUSED_FUNCTION = YES;
				GCC_WARN_UNUSED_VARIABLE = YES;
				IPHONEOS_DEPLOYMENT_TARGET = 12.4;
				MTL_ENABLE_DEBUG_INFO = INCLUDE_SOURCE;
				MTL_FAST_MATH = YES;
				ONLY_ACTIVE_ARCH = YES;
				SDKROOT = iphoneos;
				SWIFT_ACTIVE_COMPILATION_CONDITIONS = DEBUG;
				SWIFT_OPTIMIZATION_LEVEL = "-Onone";
			};
			name = Debug;
		};
		0451669A231DA000003B4A59 /* Release */ = {
			isa = XCBuildConfiguration;
			buildSettings = {
				ALWAYS_SEARCH_USER_PATHS = NO;
				CLANG_ANALYZER_NONNULL = YES;
				CLANG_ANALYZER_NUMBER_OBJECT_CONVERSION = YES_AGGRESSIVE;
				CLANG_CXX_LANGUAGE_STANDARD = "gnu++14";
				CLANG_CXX_LIBRARY = "libc++";
				CLANG_ENABLE_MODULES = YES;
				CLANG_ENABLE_OBJC_ARC = YES;
				CLANG_ENABLE_OBJC_WEAK = YES;
				CLANG_WARN_BLOCK_CAPTURE_AUTORELEASING = YES;
				CLANG_WARN_BOOL_CONVERSION = YES;
				CLANG_WARN_COMMA = YES;
				CLANG_WARN_CONSTANT_CONVERSION = YES;
				CLANG_WARN_DEPRECATED_OBJC_IMPLEMENTATIONS = YES;
				CLANG_WARN_DIRECT_OBJC_ISA_USAGE = YES_ERROR;
				CLANG_WARN_DOCUMENTATION_COMMENTS = YES;
				CLANG_WARN_EMPTY_BODY = YES;
				CLANG_WARN_ENUM_CONVERSION = YES;
				CLANG_WARN_INFINITE_RECURSION = YES;
				CLANG_WARN_INT_CONVERSION = YES;
				CLANG_WARN_NON_LITERAL_NULL_CONVERSION = YES;
				CLANG_WARN_OBJC_IMPLICIT_RETAIN_SELF = YES;
				CLANG_WARN_OBJC_LITERAL_CONVERSION = YES;
				CLANG_WARN_OBJC_ROOT_CLASS = YES_ERROR;
				CLANG_WARN_RANGE_LOOP_ANALYSIS = YES;
				CLANG_WARN_STRICT_PROTOTYPES = YES;
				CLANG_WARN_SUSPICIOUS_MOVE = YES;
				CLANG_WARN_UNGUARDED_AVAILABILITY = YES_AGGRESSIVE;
				CLANG_WARN_UNREACHABLE_CODE = YES;
				CLANG_WARN__DUPLICATE_METHOD_MATCH = YES;
				CODE_SIGN_IDENTITY = "iPhone Developer";
				COPY_PHASE_STRIP = NO;
				DEBUG_INFORMATION_FORMAT = "dwarf-with-dsym";
				ENABLE_NS_ASSERTIONS = NO;
				ENABLE_STRICT_OBJC_MSGSEND = YES;
				GCC_C_LANGUAGE_STANDARD = gnu11;
				GCC_NO_COMMON_BLOCKS = YES;
				GCC_WARN_64_TO_32_BIT_CONVERSION = YES;
				GCC_WARN_ABOUT_RETURN_TYPE = YES_ERROR;
				GCC_WARN_UNDECLARED_SELECTOR = YES;
				GCC_WARN_UNINITIALIZED_AUTOS = YES_AGGRESSIVE;
				GCC_WARN_UNUSED_FUNCTION = YES;
				GCC_WARN_UNUSED_VARIABLE = YES;
				IPHONEOS_DEPLOYMENT_TARGET = 12.4;
				MTL_ENABLE_DEBUG_INFO = NO;
				MTL_FAST_MATH = YES;
				SDKROOT = iphoneos;
				SWIFT_COMPILATION_MODE = wholemodule;
				SWIFT_OPTIMIZATION_LEVEL = "-O";
				VALIDATE_PRODUCT = YES;
			};
			name = Release;
		};
		0451669C231DA000003B4A59 /* Debug */ = {
			isa = XCBuildConfiguration;
			buildSettings = {
				ASSETCATALOG_COMPILER_APPICON_NAME = AppIcon;
				CODE_SIGN_STYLE = Automatic;
				DEVELOPMENT_TEAM = 697KD42Z5Z;
				INFOPLIST_FILE = BluetoothDetector/Info.plist;
				LD_RUNPATH_SEARCH_PATHS = (
					"$(inherited)",
					"@executable_path/Frameworks",
				);
				PRODUCT_BUNDLE_IDENTIFIER = org.EnproTech.BluetoothDetector;
				PRODUCT_NAME = "$(TARGET_NAME)";
				SWIFT_VERSION = 5.0;
				TARGETED_DEVICE_FAMILY = "1,2";
			};
			name = Debug;
		};
		0451669D231DA000003B4A59 /* Release */ = {
			isa = XCBuildConfiguration;
			buildSettings = {
				ASSETCATALOG_COMPILER_APPICON_NAME = AppIcon;
				CODE_SIGN_STYLE = Automatic;
				DEVELOPMENT_TEAM = 697KD42Z5Z;
				INFOPLIST_FILE = BluetoothDetector/Info.plist;
				LD_RUNPATH_SEARCH_PATHS = (
					"$(inherited)",
					"@executable_path/Frameworks",
				);
				PRODUCT_BUNDLE_IDENTIFIER = org.EnproTech.BluetoothDetector;
				PRODUCT_NAME = "$(TARGET_NAME)";
				SWIFT_VERSION = 5.0;
				TARGETED_DEVICE_FAMILY = "1,2";
			};
			name = Release;
		};
/* End XCBuildConfiguration section */

/* Begin XCConfigurationList section */
		04516684231D9FFE003B4A59 /* Build configuration list for PBXProject "BluetoothDetector" */ = {
			isa = XCConfigurationList;
			buildConfigurations = (
				04516699231DA000003B4A59 /* Debug */,
				0451669A231DA000003B4A59 /* Release */,
			);
			defaultConfigurationIsVisible = 0;
			defaultConfigurationName = Release;
		};
		0451669B231DA000003B4A59 /* Build configuration list for PBXNativeTarget "BluetoothDetector" */ = {
			isa = XCConfigurationList;
			buildConfigurations = (
				0451669C231DA000003B4A59 /* Debug */,
				0451669D231DA000003B4A59 /* Release */,
			);
			defaultConfigurationIsVisible = 0;
			defaultConfigurationName = Release;
		};
/* End XCConfigurationList section */
	};
	rootObject = 04516681231D9FFE003B4A59 /* Project object */;
}
